
Microsoft Visual Studio Solution File, Format Version 12.00
# Visual Studio 15
VisualStudioVersion = 15.0.27428.2027
MinimumVisualStudioVersion = 10.0.40219.1
Project("{FAE04EC0-301F-11D3-BF4B-00C04F79EFBC}") = "TbiDesktop", "TbiDesktop.csproj", "{547484A0-6C93-4539-9533-39DD9EC9BC8F}"
EndProject
Global
	GlobalSection(SolutionConfigurationPlatforms) = preSolution
		Debug|Any CPU = Debug|Any CPU
		Release|Any CPU = Release|Any CPU
	EndGlobalSection
	GlobalSection(ProjectConfigurationPlatforms) = postSolution
		{547484A0-6C93-4539-9533-39DD9EC9BC8F}.Debug|Any CPU.ActiveCfg = Debug|Any CPU
		{547484A0-6C93-4539-9533-39DD9EC9BC8F}.Debug|Any CPU.Build.0 = Debug|Any CPU
		{547484A0-6C93-4539-9533-39DD9EC9BC8F}.Release|Any CPU.ActiveCfg = Release|Any CPU
		{547484A0-6C93-4539-9533-39DD9EC9BC8F}.Release|Any CPU.Build.0 = Release|Any CPU
	EndGlobalSection
	GlobalSection(SolutionProperties) = preSolution
		HideSolutionNode = FALSE
	EndGlobalSection
	GlobalSection(ExtensibilityGlobals) = postSolution
		SolutionGuid = {12A1AD1C-1D1A-49E9-A45F-5803175D03EF}
	EndGlobalSection
EndGlobal
